
Microsoft Visual Studio Solution File, Format Version 11.00
# Visual Studio 2010
Project("{FAE04EC0-301F-11D3-BF4B-00C04F79EFBC}") = "Assembly-CSharp", "Assembly-CSharp.csproj", "{386689fd-14eb-38bf-7e2d-ee4dd9b6776b}"
EndProject
Project("{FAE04EC0-301F-11D3-BF4B-00C04F79EFBC}") = "Assembly-CSharp-Editor", "Assembly-CSharp-Editor.csproj", "{5cc76a09-6204-ab84-6de2-589d23b85da2}"
EndProject
Global
	GlobalSection(SolutionConfigurationPlatforms) = preSolution
		Debug|Any CPU = Debug|Any CPU
	EndGlobalSection
	GlobalSection(ProjectConfigurationPlatforms) = postSolution
		{386689fd-14eb-38bf-7e2d-ee4dd9b6776b}.Debug|Any CPU.ActiveCfg = Debug|Any CPU
		{386689fd-14eb-38bf-7e2d-ee4dd9b6776b}.Debug|Any CPU.Build.0 = Debug|Any CPU
		{5cc76a09-6204-ab84-6de2-589d23b85da2}.Debug|Any CPU.ActiveCfg = Debug|Any CPU
		{5cc76a09-6204-ab84-6de2-589d23b85da2}.Debug|Any CPU.Build.0 = Debug|Any CPU
	EndGlobalSection
	GlobalSection(SolutionProperties) = preSolution
		HideSolutionNode = FALSE
	EndGlobalSection
EndGlobal
